// !$*UTF8*$!
{
	archiveVersion = 1;
	classes = {
	};
	objectVersion = 51;
	objects = {

/* Begin PBXBuildFile section */
		054C43B8258AB0E4007A7B23 /* AppDelegate.swift in Sources */ = {isa = PBXBuildFile; fileRef = 054C43B7258AB0E4007A7B23 /* AppDelegate.swift */; };
		054C43BA258AB0E4007A7B23 /* SceneDelegate.swift in Sources */ = {isa = PBXBuildFile; fileRef = 054C43B9258AB0E4007A7B23 /* SceneDelegate.swift */; };
		054C43BC258AB0E4007A7B23 /* MainTabController.swift in Sources */ = {isa = PBXBuildFile; fileRef = 054C43BB258AB0E4007A7B23 /* MainTabController.swift */; };
		054C43BF258AB0E4007A7B23 /* Main.storyboard in Resources */ = {isa = PBXBuildFile; fileRef = 054C43BD258AB0E4007A7B23 /* Main.storyboard */; };
		054C43C1258AB0E7007A7B23 /* Assets.xcassets in Resources */ = {isa = PBXBuildFile; fileRef = 054C43C0258AB0E7007A7B23 /* Assets.xcassets */; };
		054C43C4258AB0E7007A7B23 /* LaunchScreen.storyboard in Resources */ = {isa = PBXBuildFile; fileRef = 054C43C2258AB0E7007A7B23 /* LaunchScreen.storyboard */; };
		054C43E625902694007A7B23 /* CardsController.swift in Sources */ = {isa = PBXBuildFile; fileRef = 054C43E525902694007A7B23 /* CardsController.swift */; };
		054C43EA259026B1007A7B23 /* TransactionsController.swift in Sources */ = {isa = PBXBuildFile; fileRef = 054C43E9259026B1007A7B23 /* TransactionsController.swift */; };
		054C43ED259026C9007A7B23 /* StatementsController.swift in Sources */ = {isa = PBXBuildFile; fileRef = 054C43EC259026C9007A7B23 /* StatementsController.swift */; };
		054C43F0259026E1007A7B23 /* MoreController.swift in Sources */ = {isa = PBXBuildFile; fileRef = 054C43EF259026E1007A7B23 /* MoreController.swift */; };
		495B6A297EF8D3810D1385DB /* Pods_CardApplication.framework in Frameworks */ = {isa = PBXBuildFile; fileRef = 4A0FECB971B59BE335EF1C91 /* Pods_CardApplication.framework */; };
/* End PBXBuildFile section */

/* Begin PBXFileReference section */
		054C43B4258AB0E4007A7B23 /* CardApplication.app */ = {isa = PBXFileReference; explicitFileType = wrapper.application; includeInIndex = 0; path = CardApplication.app; sourceTree = BUILT_PRODUCTS_DIR; };
		054C43B7258AB0E4007A7B23 /* AppDelegate.swift */ = {isa = PBXFileReference; lastKnownFileType = sourcecode.swift; path = AppDelegate.swift; sourceTree = "<group>"; };
		054C43B9258AB0E4007A7B23 /* SceneDelegate.swift */ = {isa = PBXFileReference; lastKnownFileType = sourcecode.swift; path = SceneDelegate.swift; sourceTree = "<group>"; };
		054C43BB258AB0E4007A7B23 /* MainTabController.swift */ = {isa = PBXFileReference; lastKnownFileType = sourcecode.swift; path = MainTabController.swift; sourceTree = "<group>"; };
		054C43BE258AB0E4007A7B23 /* Base */ = {isa = PBXFileReference; lastKnownFileType = file.storyboard; name = Base; path = Base.lproj/Main.storyboard; sourceTree = "<group>"; };
		054C43C0258AB0E7007A7B23 /* Assets.xcassets */ = {isa = PBXFileReference; lastKnownFileType = folder.assetcatalog; path = Assets.xcassets; sourceTree = "<group>"; };
		054C43C3258AB0E7007A7B23 /* Base */ = {isa = PBXFileReference; lastKnownFileType = file.storyboard; name = Base; path = Base.lproj/LaunchScreen.storyboard; sourceTree = "<group>"; };
		054C43C5258AB0E7007A7B23 /* Info.plist */ = {isa = PBXFileReference; lastKnownFileType = text.plist.xml; path = Info.plist; sourceTree = "<group>"; };
		054C43E525902694007A7B23 /* CardsController.swift */ = {isa = PBXFileReference; lastKnownFileType = sourcecode.swift; path = CardsController.swift; sourceTree = "<group>"; };
		054C43E9259026B1007A7B23 /* TransactionsController.swift */ = {isa = PBXFileReference; lastKnownFileType = sourcecode.swift; path = TransactionsController.swift; sourceTree = "<group>"; };
		054C43EC259026C9007A7B23 /* StatementsController.swift */ = {isa = PBXFileReference; lastKnownFileType = sourcecode.swift; path = StatementsController.swift; sourceTree = "<group>"; };
		054C43EF259026E1007A7B23 /* MoreController.swift */ = {isa = PBXFileReference; lastKnownFileType = sourcecode.swift; path = MoreController.swift; sourceTree = "<group>"; };
		0DB4D1C932C55C9C1B89CAF3 /* Pods-CardApplication.debug.xcconfig */ = {isa = PBXFileReference; includeInIndex = 1; lastKnownFileType = text.xcconfig; name = "Pods-CardApplication.debug.xcconfig"; path = "Target Support Files/Pods-CardApplication/Pods-CardApplication.debug.xcconfig"; sourceTree = "<group>"; };
		4A0FECB971B59BE335EF1C91 /* Pods_CardApplication.framework */ = {isa = PBXFileReference; explicitFileType = wrapper.framework; includeInIndex = 0; path = Pods_CardApplication.framework; sourceTree = BUILT_PRODUCTS_DIR; };
		C9254879E2BD063077D7EA12 /* Pods-CardApplication.release.xcconfig */ = {isa = PBXFileReference; includeInIndex = 1; lastKnownFileType = text.xcconfig; name = "Pods-CardApplication.release.xcconfig"; path = "Target Support Files/Pods-CardApplication/Pods-CardApplication.release.xcconfig"; sourceTree = "<group>"; };
/* End PBXFileReference section */

/* Begin PBXFrameworksBuildPhase section */
		054C43B1258AB0E4007A7B23 /* Frameworks */ = {
			isa = PBXFrameworksBuildPhase;
			buildActionMask = 2147483647;
			files = (
				495B6A297EF8D3810D1385DB /* Pods_CardApplication.framework in Frameworks */,
			);
			runOnlyForDeploymentPostprocessing = 0;
		};
/* End PBXFrameworksBuildPhase section */

/* Begin PBXGroup section */
		054C43AB258AB0E4007A7B23 = {
			isa = PBXGroup;
			children = (
				054C43B6258AB0E4007A7B23 /* CardApplication */,
				054C43B5258AB0E4007A7B23 /* Products */,
				B65F43EA74CA575BED0CF80F /* Pods */,
				EA2BD053A5B5903E2DEDC708 /* Frameworks */,
			);
			sourceTree = "<group>";
		};
		054C43B5258AB0E4007A7B23 /* Products */ = {
			isa = PBXGroup;
			children = (
				054C43B4258AB0E4007A7B23 /* CardApplication.app */,
			);
			name = Products;
			sourceTree = "<group>";
		};
		054C43B6258AB0E4007A7B23 /* CardApplication */ = {
			isa = PBXGroup;
			children = (
				054C43FD2590C850007A7B23 /* Extension */,
				054C43E425902676007A7B23 /* Controller */,
				054C43BB258AB0E4007A7B23 /* MainTabController.swift */,
				054C43B7258AB0E4007A7B23 /* AppDelegate.swift */,
				054C43B9258AB0E4007A7B23 /* SceneDelegate.swift */,
				054C43BD258AB0E4007A7B23 /* Main.storyboard */,
				054C43C0258AB0E7007A7B23 /* Assets.xcassets */,
				054C43C2258AB0E7007A7B23 /* LaunchScreen.storyboard */,
				054C43C5258AB0E7007A7B23 /* Info.plist */,
			);
			path = CardApplication;
			sourceTree = "<group>";
		};
		054C43E425902676007A7B23 /* Controller */ = {
			isa = PBXGroup;
			children = (
				054C43E525902694007A7B23 /* CardsController.swift */,
				054C43E9259026B1007A7B23 /* TransactionsController.swift */,
				054C43EC259026C9007A7B23 /* StatementsController.swift */,
				054C43EF259026E1007A7B23 /* MoreController.swift */,
			);
			path = Controller;
			sourceTree = "<group>";
		};
		054C43FD2590C850007A7B23 /* Extension */ = {
			isa = PBXGroup;
			children = (
			);
			path = Extension;
			sourceTree = "<group>";
		};
		B65F43EA74CA575BED0CF80F /* Pods */ = {
			isa = PBXGroup;
			children = (
				0DB4D1C932C55C9C1B89CAF3 /* Pods-CardApplication.debug.xcconfig */,
				C9254879E2BD063077D7EA12 /* Pods-CardApplication.release.xcconfig */,
			);
			path = Pods;
			sourceTree = "<group>";
		};
		EA2BD053A5B5903E2DEDC708 /* Frameworks */ = {
			isa = PBXGroup;
			children = (
				4A0FECB971B59BE335EF1C91 /* Pods_CardApplication.framework */,
			);
			name = Frameworks;
			sourceTree = "<group>";
		};
/* End PBXGroup section */

/* Begin PBXNativeTarget section */
		054C43B3258AB0E4007A7B23 /* CardApplication */ = {
			isa = PBXNativeTarget;
			buildConfigurationList = 054C43C8258AB0E7007A7B23 /* Build configuration list for PBXNativeTarget "CardApplication" */;
			buildPhases = (
				D44076D7495E662AD7A6B258 /* [CP] Check Pods Manifest.lock */,
				054C43B0258AB0E4007A7B23 /* Sources */,
				054C43B1258AB0E4007A7B23 /* Frameworks */,
				054C43B2258AB0E4007A7B23 /* Resources */,
				D2C5EB111178F7073E7DB6C7 /* [CP] Embed Pods Frameworks */,
			);
			buildRules = (
			);
			dependencies = (
			);
			name = CardApplication;
			productName = CardApplication;
			productReference = 054C43B4258AB0E4007A7B23 /* CardApplication.app */;
			productType = "com.apple.product-type.application";
		};
/* End PBXNativeTarget section */

/* Begin PBXProject section */
		054C43AC258AB0E4007A7B23 /* Project object */ = {
			isa = PBXProject;
			attributes = {
				LastSwiftUpdateCheck = 1230;
				LastUpgradeCheck = 1230;
				TargetAttributes = {
					054C43B3258AB0E4007A7B23 = {
						CreatedOnToolsVersion = 12.3;
					};
				};
			};
			buildConfigurationList = 054C43AF258AB0E4007A7B23 /* Build configuration list for PBXProject "CardApplication" */;
			compatibilityVersion = "Xcode 9.3";
			developmentRegion = en;
			hasScannedForEncodings = 0;
			knownRegions = (
				en,
				Base,
			);
			mainGroup = 054C43AB258AB0E4007A7B23;
			productRefGroup = 054C43B5258AB0E4007A7B23 /* Products */;
			projectDirPath = "";
			projectRoot = "";
			targets = (
				054C43B3258AB0E4007A7B23 /* CardApplication */,
			);
		};
/* End PBXProject section */

/* Begin PBXResourcesBuildPhase section */
		054C43B2258AB0E4007A7B23 /* Resources */ = {
			isa = PBXResourcesBuildPhase;
			buildActionMask = 2147483647;
			files = (
				054C43C4258AB0E7007A7B23 /* LaunchScreen.storyboard in Resources */,
				054C43C1258AB0E7007A7B23 /* Assets.xcassets in Resources */,
				054C43BF258AB0E4007A7B23 /* Main.storyboard in Resources */,
			);
			runOnlyForDeploymentPostprocessing = 0;
		};
/* End PBXResourcesBuildPhase section */

/* Begin PBXShellScriptBuildPhase section */
		D2C5EB111178F7073E7DB6C7 /* [CP] Embed Pods Frameworks */ = {
			isa = PBXShellScriptBuildPhase;
			buildActionMask = 2147483647;
			files = (
			);
			inputFileListPaths = (
				"${PODS_ROOT}/Target Support Files/Pods-CardApplication/Pods-CardApplication-frameworks-${CONFIGURATION}-input-files.xcfilelist",
			);
			name = "[CP] Embed Pods Frameworks";
			outputFileListPaths = (
				"${PODS_ROOT}/Target Support Files/Pods-CardApplication/Pods-CardApplication-frameworks-${CONFIGURATION}-output-files.xcfilelist",
			);
			runOnlyForDeploymentPostprocessing = 0;
			shellPath = /bin/sh;
			shellScript = "\"${PODS_ROOT}/Target Support Files/Pods-CardApplication/Pods-CardApplication-frameworks.sh\"\n";
			showEnvVarsInLog = 0;
		};
		D44076D7495E662AD7A6B258 /* [CP] Check Pods Manifest.lock */ = {
			isa = PBXShellScriptBuildPhase;
			buildActionMask = 2147483647;
			files = (
			);
			inputFileListPaths = (
			);
			inputPaths = (
				"${PODS_PODFILE_DIR_PATH}/Podfile.lock",
				"${PODS_ROOT}/Manifest.lock",
			);
			name = "[CP] Check Pods Manifest.lock";
			outputFileListPaths = (
			);
			outputPaths = (
				"$(DERIVED_FILE_DIR)/Pods-CardApplication-checkManifestLockResult.txt",
			);
			runOnlyForDeploymentPostprocessing = 0;
			shellPath = /bin/sh;
			shellScript = "diff \"${PODS_PODFILE_DIR_PATH}/Podfile.lock\" \"${PODS_ROOT}/Manifest.lock\" > /dev/null\nif [ $? != 0 ] ; then\n    # print error to STDERR\n    echo \"error: The sandbox is not in sync with the Podfile.lock. Run 'pod install' or update your CocoaPods installation.\" >&2\n    exit 1\nfi\n# This output is used by Xcode 'outputs' to avoid re-running this script phase.\necho \"SUCCESS\" > \"${SCRIPT_OUTPUT_FILE_0}\"\n";
			showEnvVarsInLog = 0;
		};
/* End PBXShellScriptBuildPhase section */

/* Begin PBXSourcesBuildPhase section */
		054C43B0258AB0E4007A7B23 /* Sources */ = {
			isa = PBXSourcesBuildPhase;
			buildActionMask = 2147483647;
			files = (
				054C43BC258AB0E4007A7B23 /* MainTabController.swift in Sources */,
				054C43EA259026B1007A7B23 /* TransactionsController.swift in Sources */,
				054C43F0259026E1007A7B23 /* MoreController.swift in Sources */,
				054C43E625902694007A7B23 /* CardsController.swift in Sources */,
				054C43B8258AB0E4007A7B23 /* AppDelegate.swift in Sources */,
				054C43BA258AB0E4007A7B23 /* SceneDelegate.swift in Sources */,
				054C43ED259026C9007A7B23 /* StatementsController.swift in Sources */,
			);
			runOnlyForDeploymentPostprocessing = 0;
		};
/* End PBXSourcesBuildPhase section */

/* Begin PBXVariantGroup section */
		054C43BD258AB0E4007A7B23 /* Main.storyboard */ = {
			isa = PBXVariantGroup;
			children = (
				054C43BE258AB0E4007A7B23 /* Base */,
			);
			name = Main.storyboard;
			sourceTree = "<group>";
		};
		054C43C2258AB0E7007A7B23 /* LaunchScreen.storyboard */ = {
			isa = PBXVariantGroup;
			children = (
				054C43C3258AB0E7007A7B23 /* Base */,
			);
			name = LaunchScreen.storyboard;
			sourceTree = "<group>";
		};
/* End PBXVariantGroup section */

/* Begin XCBuildConfiguration section */
		054C43C6258AB0E7007A7B23 /* Debug */ = {
			isa = XCBuildConfiguration;
			buildSettings = {
				ALWAYS_SEARCH_USER_PATHS = NO;
				CLANG_ANALYZER_NONNULL = YES;
				CLANG_ANALYZER_NUMBER_OBJECT_CONVERSION = YES_AGGRESSIVE;
				CLANG_CXX_LANGUAGE_STANDARD = "gnu++14";
				CLANG_CXX_LIBRARY = "libc++";
				CLANG_ENABLE_MODULES = YES;
				CLANG_ENABLE_OBJC_ARC = YES;
				CLANG_ENABLE_OBJC_WEAK = YES;
				CLANG_WARN_BLOCK_CAPTURE_AUTORELEASING = YES;
				CLANG_WARN_BOOL_CONVERSION = YES;
				CLANG_WARN_COMMA = YES;
				CLANG_WARN_CONSTANT_CONVERSION = YES;
				CLANG_WARN_DEPRECATED_OBJC_IMPLEMENTATIONS = YES;
				CLANG_WARN_DIRECT_OBJC_ISA_USAGE = YES_ERROR;
				CLANG_WARN_DOCUMENTATION_COMMENTS = YES;
				CLANG_WARN_EMPTY_BODY = YES;
				CLANG_WARN_ENUM_CONVERSION = YES;
				CLANG_WARN_INFINITE_RECURSION = YES;
				CLANG_WARN_INT_CONVERSION = YES;
				CLANG_WARN_NON_LITERAL_NULL_CONVERSION = YES;
				CLANG_WARN_OBJC_IMPLICIT_RETAIN_SELF = YES;
				CLANG_WARN_OBJC_LITERAL_CONVERSION = YES;
				CLANG_WARN_OBJC_ROOT_CLASS = YES_ERROR;
				CLANG_WARN_QUOTED_INCLUDE_IN_FRAMEWORK_HEADER = YES;
				CLANG_WARN_RANGE_LOOP_ANALYSIS = YES;
				CLANG_WARN_STRICT_PROTOTYPES = YES;
				CLANG_WARN_SUSPICIOUS_MOVE = YES;
				CLANG_WARN_UNGUARDED_AVAILABILITY = YES_AGGRESSIVE;
				CLANG_WARN_UNREACHABLE_CODE = YES;
				CLANG_WARN__DUPLICATE_METHOD_MATCH = YES;
				COPY_PHASE_STRIP = NO;
				DEBUG_INFORMATION_FORMAT = dwarf;
				ENABLE_STRICT_OBJC_MSGSEND = YES;
				ENABLE_TESTABILITY = YES;
				GCC_C_LANGUAGE_STANDARD = gnu11;
				GCC_DYNAMIC_NO_PIC = NO;
				GCC_NO_COMMON_BLOCKS = YES;
				GCC_OPTIMIZATION_LEVEL = 0;
				GCC_PREPROCESSOR_DEFINITIONS = (
					"DEBUG=1",
					"$(inherited)",
				);
				GCC_WARN_64_TO_32_BIT_CONVERSION = YES;
				GCC_WARN_ABOUT_RETURN_TYPE = YES_ERROR;
				GCC_WARN_UNDECLARED_SELECTOR = YES;
				GCC_WARN_UNINITIALIZED_AUTOS = YES_AGGRESSIVE;
				GCC_WARN_UNUSED_FUNCTION = YES;
				GCC_WARN_UNUSED_VARIABLE = YES;
				IPHONEOS_DEPLOYMENT_TARGET = 14.3;
				MTL_ENABLE_DEBUG_INFO = INCLUDE_SOURCE;
				MTL_FAST_MATH = YES;
				ONLY_ACTIVE_ARCH = YES;
				SDKROOT = iphoneos;
				SWIFT_ACTIVE_COMPILATION_CONDITIONS = DEBUG;
				SWIFT_OPTIMIZATION_LEVEL = "-Onone";
			};
			name = Debug;
		};
		054C43C7258AB0E7007A7B23 /* Release */ = {
			isa = XCBuildConfiguration;
			buildSettings = {
				ALWAYS_SEARCH_USER_PATHS = NO;
				CLANG_ANALYZER_NONNULL = YES;
				CLANG_ANALYZER_NUMBER_OBJECT_CONVERSION = YES_AGGRESSIVE;
				CLANG_CXX_LANGUAGE_STANDARD = "gnu++14";
				CLANG_CXX_LIBRARY = "libc++";
				CLANG_ENABLE_MODULES = YES;
				CLANG_ENABLE_OBJC_ARC = YES;
				CLANG_ENABLE_OBJC_WEAK = YES;
				CLANG_WARN_BLOCK_CAPTURE_AUTORELEASING = YES;
				CLANG_WARN_BOOL_CONVERSION = YES;
				CLANG_WARN_COMMA = YES;
				CLANG_WARN_CONSTANT_CONVERSION = YES;
				CLANG_WARN_DEPRECATED_OBJC_IMPLEMENTATIONS = YES;
				CLANG_WARN_DIRECT_OBJC_ISA_USAGE = YES_ERROR;
				CLANG_WARN_DOCUMENTATION_COMMENTS = YES;
				CLANG_WARN_EMPTY_BODY = YES;
				CLANG_WARN_ENUM_CONVERSION = YES;
				CLANG_WARN_INFINITE_RECURSION = YES;
				CLANG_WARN_INT_CONVERSION = YES;
				CLANG_WARN_NON_LITERAL_NULL_CONVERSION = YES;
				CLANG_WARN_OBJC_IMPLICIT_RETAIN_SELF = YES;
				CLANG_WARN_OBJC_LITERAL_CONVERSION = YES;
				CLANG_WARN_OBJC_ROOT_CLASS = YES_ERROR;
				CLANG_WARN_QUOTED_INCLUDE_IN_FRAMEWORK_HEADER = YES;
				CLANG_WARN_RANGE_LOOP_ANALYSIS = YES;
				CLANG_WARN_STRICT_PROTOTYPES = YES;
				CLANG_WARN_SUSPICIOUS_MOVE = YES;
				CLANG_WARN_UNGUARDED_AVAILABILITY = YES_AGGRESSIVE;
				CLANG_WARN_UNREACHABLE_CODE = YES;
				CLANG_WARN__DUPLICATE_METHOD_MATCH = YES;
				COPY_PHASE_STRIP = NO;
				DEBUG_INFORMATION_FORMAT = "dwarf-with-dsym";
				ENABLE_NS_ASSERTIONS = NO;
				ENABLE_STRICT_OBJC_MSGSEND = YES;
				GCC_C_LANGUAGE_STANDARD = gnu11;
				GCC_NO_COMMON_BLOCKS = YES;
				GCC_WARN_64_TO_32_BIT_CONVERSION = YES;
				GCC_WARN_ABOUT_RETURN_TYPE = YES_ERROR;
				GCC_WARN_UNDECLARED_SELECTOR = YES;
				GCC_WARN_UNINITIALIZED_AUTOS = YES_AGGRESSIVE;
				GCC_WARN_UNUSED_FUNCTION = YES;
				GCC_WARN_UNUSED_VARIABLE = YES;
				IPHONEOS_DEPLOYMENT_TARGET = 14.3;
				MTL_ENABLE_DEBUG_INFO = NO;
				MTL_FAST_MATH = YES;
				SDKROOT = iphoneos;
				SWIFT_COMPILATION_MODE = wholemodule;
				SWIFT_OPTIMIZATION_LEVEL = "-O";
				VALIDATE_PRODUCT = YES;
			};
			name = Release;
		};
		054C43C9258AB0E7007A7B23 /* Debug */ = {
			isa = XCBuildConfiguration;
			baseConfigurationReference = 0DB4D1C932C55C9C1B89CAF3 /* Pods-CardApplication.debug.xcconfig */;
			buildSettings = {
				ASSETCATALOG_COMPILER_APPICON_NAME = AppIcon;
				ASSETCATALOG_COMPILER_GLOBAL_ACCENT_COLOR_NAME = AccentColor;
				CODE_SIGN_STYLE = Automatic;
				INFOPLIST_FILE = CardApplication/Info.plist;
				LD_RUNPATH_SEARCH_PATHS = (
					"$(inherited)",
					"@executable_path/Frameworks",
				);
				PRODUCT_BUNDLE_IDENTIFIER = com.zoltanhidegkuti.CardApplication;
				PRODUCT_NAME = "$(TARGET_NAME)";
				SWIFT_VERSION = 5.0;
				TARGETED_DEVICE_FAMILY = "1,2";
			};
			name = Debug;
		};
		054C43CA258AB0E7007A7B23 /* Release */ = {
			isa = XCBuildConfiguration;
			baseConfigurationReference = C9254879E2BD063077D7EA12 /* Pods-CardApplication.release.xcconfig */;
			buildSettings = {
				ASSETCATALOG_COMPILER_APPICON_NAME = AppIcon;
				ASSETCATALOG_COMPILER_GLOBAL_ACCENT_COLOR_NAME = AccentColor;
				CODE_SIGN_STYLE = Automatic;
				INFOPLIST_FILE = CardApplication/Info.plist;
				LD_RUNPATH_SEARCH_PATHS = (
					"$(inherited)",
					"@executable_path/Frameworks",
				);
				PRODUCT_BUNDLE_IDENTIFIER = com.zoltanhidegkuti.CardApplication;
				PRODUCT_NAME = "$(TARGET_NAME)";
				SWIFT_VERSION = 5.0;
				TARGETED_DEVICE_FAMILY = "1,2";
			};
			name = Release;
		};
/* End XCBuildConfiguration section */

/* Begin XCConfigurationList section */
		054C43AF258AB0E4007A7B23 /* Build configuration list for PBXProject "CardApplication" */ = {
			isa = XCConfigurationList;
			buildConfigurations = (
				054C43C6258AB0E7007A7B23 /* Debug */,
				054C43C7258AB0E7007A7B23 /* Release */,
			);
			defaultConfigurationIsVisible = 0;
			defaultConfigurationName = Release;
		};
		054C43C8258AB0E7007A7B23 /* Build configuration list for PBXNativeTarget "CardApplication" */ = {
			isa = XCConfigurationList;
			buildConfigurations = (
				054C43C9258AB0E7007A7B23 /* Debug */,
				054C43CA258AB0E7007A7B23 /* Release */,
			);
			defaultConfigurationIsVisible = 0;
			defaultConfigurationName = Release;
		};
/* End XCConfigurationList section */
	};
	rootObject = 054C43AC258AB0E4007A7B23 /* Project object */;
}
